
Microsoft Visual Studio Solution File, Format Version 12.00
# Visual Studio 2013
VisualStudioVersion = 12.0.31101.0
MinimumVisualStudioVersion = 10.0.40219.1
Project("{FAE04EC0-301F-11D3-BF4B-00C04F79EFBC}") = "cli_Calculator", "cli_Calculator\cli_Calculator.csproj", "{5EC1053D-738C-4389-A5FB-415219A0FD97}"
EndProject
Project("{FAE04EC0-301F-11D3-BF4B-00C04F79EFBC}") = "Calculator", "Calculator\Calculator.csproj", "{F2DCA27B-5C78-45C5-8535-622B2D700202}"
EndProject
Project("{FAE04EC0-301F-11D3-BF4B-00C04F79EFBC}") = "wpf_Calculator", "wpf_Calculator\wpf_Calculator.csproj", "{8E6C2C2F-FFA0-4AA6-9AD2-88B1CE700067}"
EndProject
Global
	GlobalSection(SolutionConfigurationPlatforms) = preSolution
		Debug|Any CPU = Debug|Any CPU
		Release|Any CPU = Release|Any CPU
	EndGlobalSection
	GlobalSection(ProjectConfigurationPlatforms) = postSolution
		{5EC1053D-738C-4389-A5FB-415219A0FD97}.Debug|Any CPU.ActiveCfg = Debug|Any CPU
		{5EC1053D-738C-4389-A5FB-415219A0FD97}.Debug|Any CPU.Build.0 = Debug|Any CPU
		{5EC1053D-738C-4389-A5FB-415219A0FD97}.Release|Any CPU.ActiveCfg = Release|Any CPU
		{5EC1053D-738C-4389-A5FB-415219A0FD97}.Release|Any CPU.Build.0 = Release|Any CPU
		{F2DCA27B-5C78-45C5-8535-622B2D700202}.Debug|Any CPU.ActiveCfg = Debug|Any CPU
		{F2DCA27B-5C78-45C5-8535-622B2D700202}.Debug|Any CPU.Build.0 = Debug|Any CPU
		{F2DCA27B-5C78-45C5-8535-622B2D700202}.Release|Any CPU.ActiveCfg = Release|Any CPU
		{F2DCA27B-5C78-45C5-8535-622B2D700202}.Release|Any CPU.Build.0 = Release|Any CPU
		{8E6C2C2F-FFA0-4AA6-9AD2-88B1CE700067}.Debug|Any CPU.ActiveCfg = Debug|Any CPU
		{8E6C2C2F-FFA0-4AA6-9AD2-88B1CE700067}.Debug|Any CPU.Build.0 = Debug|Any CPU
		{8E6C2C2F-FFA0-4AA6-9AD2-88B1CE700067}.Release|Any CPU.ActiveCfg = Release|Any CPU
		{8E6C2C2F-FFA0-4AA6-9AD2-88B1CE700067}.Release|Any CPU.Build.0 = Release|Any CPU
	EndGlobalSection
	GlobalSection(SolutionProperties) = preSolution
		HideSolutionNode = FALSE
	EndGlobalSection
EndGlobal
